// !$*UTF8*$!
{
	archiveVersion = 1;
	classes = {
	};
	objectVersion = 77;
	objects = {

/* Begin PBXContainerItemProxy section */
		E248C2102F4F15E400385351 /* PBXContainerItemProxy */ = {
			isa = PBXContainerItemProxy;
			containerPortal = E248C1F82F4F15E200385351 /* Project object */;
			proxyType = 1;
			remoteGlobalIDString = E248C1FF2F4F15E200385351;
			remoteInfo = "chihlee-student-toolbox";
		};
		E248C21A2F4F15E400385351 /* PBXContainerItemProxy */ = {
			isa = PBXContainerItemProxy;
			containerPortal = E248C1F82F4F15E200385351 /* Project object */;
			proxyType = 1;
			remoteGlobalIDString = E248C1FF2F4F15E200385351;
			remoteInfo = "chihlee-student-toolbox";
		};
/* End PBXContainerItemProxy section */

/* Begin PBXFileReference section */
		E248C2002F4F15E200385351 /* chihlee-student-toolbox.app */ = {isa = PBXFileReference; explicitFileType = wrapper.application; includeInIndex = 0; path = "chihlee-student-toolbox.app"; sourceTree = BUILT_PRODUCTS_DIR; };
		E248C20F2F4F15E400385351 /* chihlee-student-toolboxTests.xctest */ = {isa = PBXFileReference; explicitFileType = wrapper.cfbundle; includeInIndex = 0; path = "chihlee-student-toolboxTests.xctest"; sourceTree = BUILT_PRODUCTS_DIR; };
		E248C2192F4F15E400385351 /* chihlee-student-toolboxUITests.xctest */ = {isa = PBXFileReference; explicitFileType = wrapper.cfbundle; includeInIndex = 0; path = "chihlee-student-toolboxUITests.xctest"; sourceTree = BUILT_PRODUCTS_DIR; };
/* End PBXFileReference section */

/* Begin PBXFileSystemSynchronizedRootGroup section */
		E248C2022F4F15E200385351 /* chihlee-student-toolbox */ = {
			isa = PBXFileSystemSynchronizedRootGroup;
			path = "chihlee-student-toolbox";
			sourceTree = "<group>";
		};
		E248C2122F4F15E400385351 /* chihlee-student-toolboxTests */ = {
			isa = PBXFileSystemSynchronizedRootGroup;
			path = "chihlee-student-toolboxTests";
			sourceTree = "<group>";
		};
		E248C21C2F4F15E400385351 /* chihlee-student-toolboxUITests */ = {
			isa = PBXFileSystemSynchronizedRootGroup;
			path = "chihlee-student-toolboxUITests";
			sourceTree = "<group>";
		};
/* End PBXFileSystemSynchronizedRootGroup section */

/* Begin PBXFrameworksBuildPhase section */
		E248C1FD2F4F15E200385351 /* Frameworks */ = {
			isa = PBXFrameworksBuildPhase;
			buildActionMask = 2147483647;
			files = (
			);
			runOnlyForDeploymentPostprocessing = 0;
		};
		E248C20C2F4F15E400385351 /* Frameworks */ = {
			isa = PBXFrameworksBuildPhase;
			buildActionMask = 2147483647;
			files = (
			);
			runOnlyForDeploymentPostprocessing = 0;
		};
		E248C2162F4F15E400385351 /* Frameworks */ = {
			isa = PBXFrameworksBuildPhase;
			buildActionMask = 2147483647;
			files = (
			);
			runOnlyForDeploymentPostprocessing = 0;
		};
/* End PBXFrameworksBuildPhase section */

/* Begin PBXGroup section */
		E248C1F72F4F15E200385351 = {
			isa = PBXGroup;
			children = (
				E248C2022F4F15E200385351 /* chihlee-student-toolbox */,
				E248C2122F4F15E400385351 /* chihlee-student-toolboxTests */,
				E248C21C2F4F15E400385351 /* chihlee-student-toolboxUITests */,
				E248C2012F4F15E200385351 /* Products */,
			);
			sourceTree = "<group>";
		};
		E248C2012F4F15E200385351 /* Products */ = {
			isa = PBXGroup;
			children = (
				E248C2002F4F15E200385351 /* chihlee-student-toolbox.app */,
				E248C20F2F4F15E400385351 /* chihlee-student-toolboxTests.xctest */,
				E248C2192F4F15E400385351 /* chihlee-student-toolboxUITests.xctest */,
			);
			name = Products;
			sourceTree = "<group>";
		};
/* End PBXGroup section */

/* Begin PBXNativeTarget section */
		E248C1FF2F4F15E200385351 /* chihlee-student-toolbox */ = {
			isa = PBXNativeTarget;
			buildConfigurationList = E248C2232F4F15E400385351 /* Build configuration list for PBXNativeTarget "chihlee-student-toolbox" */;
			buildPhases = (
				E248C1FC2F4F15E200385351 /* Sources */,
				E248C1FD2F4F15E200385351 /* Frameworks */,
				E248C1FE2F4F15E200385351 /* Resources */,
			);
			buildRules = (
			);
			dependencies = (
			);
			fileSystemSynchronizedGroups = (
				E248C2022F4F15E200385351 /* chihlee-student-toolbox */,
			);
			name = "chihlee-student-toolbox";
			packageProductDependencies = (
			);
			productName = "chihlee-student-toolbox";
			productReference = E248C2002F4F15E200385351 /* chihlee-student-toolbox.app */;
			productType = "com.apple.product-type.application";
		};
		E248C20E2F4F15E400385351 /* chihlee-student-toolboxTests */ = {
			isa = PBXNativeTarget;
			buildConfigurationList = E248C2262F4F15E400385351 /* Build configuration list for PBXNativeTarget "chihlee-student-toolboxTests" */;
			buildPhases = (
				E248C20B2F4F15E400385351 /* Sources */,
				E248C20C2F4F15E400385351 /* Frameworks */,
				E248C20D2F4F15E400385351 /* Resources */,
			);
			buildRules = (
			);
			dependencies = (
				E248C2112F4F15E400385351 /* PBXTargetDependency */,
			);
			fileSystemSynchronizedGroups = (
				E248C2122F4F15E400385351 /* chihlee-student-toolboxTests */,
			);
			name = "chihlee-student-toolboxTests";
			packageProductDependencies = (
			);
			productName = "chihlee-student-toolboxTests";
			productReference = E248C20F2F4F15E400385351 /* chihlee-student-toolboxTests.xctest */;
			productType = "com.apple.product-type.bundle.unit-test";
		};
		E248C2182F4F15E400385351 /* chihlee-student-toolboxUITests */ = {
			isa = PBXNativeTarget;
			buildConfigurationList = E248C2292F4F15E400385351 /* Build configuration list for PBXNativeTarget "chihlee-student-toolboxUITests" */;
			buildPhases = (
				E248C2152F4F15E400385351 /* Sources */,
				E248C2162F4F15E400385351 /* Frameworks */,
				E248C2172F4F15E400385351 /* Resources */,
			);
			buildRules = (
			);
			dependencies = (
				E248C21B2F4F15E400385351 /* PBXTargetDependency */,
			);
			fileSystemSynchronizedGroups = (
				E248C21C2F4F15E400385351 /* chihlee-student-toolboxUITests */,
			);
			name = "chihlee-student-toolboxUITests";
			packageProductDependencies = (
			);
			productName = "chihlee-student-toolboxUITests";
			productReference = E248C2192F4F15E400385351 /* chihlee-student-toolboxUITests.xctest */;
			productType = "com.apple.product-type.bundle.ui-testing";
		};
/* End PBXNativeTarget section */

/* Begin PBXProject section */
		E248C1F82F4F15E200385351 /* Project object */ = {
			isa = PBXProject;
			attributes = {
				BuildIndependentTargetsInParallel = 1;
				LastSwiftUpdateCheck = 1640;
				LastUpgradeCheck = 1640;
				TargetAttributes = {
					E248C1FF2F4F15E200385351 = {
						CreatedOnToolsVersion = 16.4;
					};
					E248C20E2F4F15E400385351 = {
						CreatedOnToolsVersion = 16.4;
						TestTargetID = E248C1FF2F4F15E200385351;
					};
					E248C2182F4F15E400385351 = {
						CreatedOnToolsVersion = 16.4;
						TestTargetID = E248C1FF2F4F15E200385351;
					};
				};
			};
			buildConfigurationList = E248C1FB2F4F15E200385351 /* Build configuration list for PBXProject "chihlee-student-toolbox" */;
			developmentRegion = en;
			hasScannedForEncodings = 0;
			knownRegions = (
				en,
				Base,
			);
			mainGroup = E248C1F72F4F15E200385351;
			minimizedProjectReferenceProxies = 1;
			preferredProjectObjectVersion = 77;
			productRefGroup = E248C2012F4F15E200385351 /* Products */;
			projectDirPath = "";
			projectRoot = "";
			targets = (
				E248C1FF2F4F15E200385351 /* chihlee-student-toolbox */,
				E248C20E2F4F15E400385351 /* chihlee-student-toolboxTests */,
				E248C2182F4F15E400385351 /* chihlee-student-toolboxUITests */,
			);
		};
/* End PBXProject section */

/* Begin PBXResourcesBuildPhase section */
		E248C1FE2F4F15E200385351 /* Resources */ = {
			isa = PBXResourcesBuildPhase;
			buildActionMask = 2147483647;
			files = (
			);
			runOnlyForDeploymentPostprocessing = 0;
		};
		E248C20D2F4F15E400385351 /* Resources */ = {
			isa = PBXResourcesBuildPhase;
			buildActionMask = 2147483647;
			files = (
			);
			runOnlyForDeploymentPostprocessing = 0;
		};
		E248C2172F4F15E400385351 /* Resources */ = {
			isa = PBXResourcesBuildPhase;
			buildActionMask = 2147483647;
			files = (
			);
			runOnlyForDeploymentPostprocessing = 0;
		};
/* End PBXResourcesBuildPhase section */

/* Begin PBXSourcesBuildPhase section */
		E248C1FC2F4F15E200385351 /* Sources */ = {
			isa = PBXSourcesBuildPhase;
			buildActionMask = 2147483647;
			files = (
			);
			runOnlyForDeploymentPostprocessing = 0;
		};
		E248C20B2F4F15E400385351 /* Sources */ = {
			isa = PBXSourcesBuildPhase;
			buildActionMask = 2147483647;
			files = (
			);
			runOnlyForDeploymentPostprocessing = 0;
		};
		E248C2152F4F15E400385351 /* Sources */ = {
			isa = PBXSourcesBuildPhase;
			buildActionMask = 2147483647;
			files = (
			);
			runOnlyForDeploymentPostprocessing = 0;
		};
/* End PBXSourcesBuildPhase section */

/* Begin PBXTargetDependency section */
		E248C2112F4F15E400385351 /* PBXTargetDependency */ = {
			isa = PBXTargetDependency;
			target = E248C1FF2F4F15E200385351 /* chihlee-student-toolbox */;
			targetProxy = E248C2102F4F15E400385351 /* PBXContainerItemProxy */;
		};
		E248C21B2F4F15E400385351 /* PBXTargetDependency */ = {
			isa = PBXTargetDependency;
			target = E248C1FF2F4F15E200385351 /* chihlee-student-toolbox */;
			targetProxy = E248C21A2F4F15E400385351 /* PBXContainerItemProxy */;
		};
/* End PBXTargetDependency section */

/* Begin XCBuildConfiguration section */
		E248C2212F4F15E400385351 /* Debug */ = {
			isa = XCBuildConfiguration;
			buildSettings = {
				ALWAYS_SEARCH_USER_PATHS = NO;
				ASSETCATALOG_COMPILER_GENERATE_SWIFT_ASSET_SYMBOL_EXTENSIONS = YES;
				CLANG_ANALYZER_NONNULL = YES;
				CLANG_ANALYZER_NUMBER_OBJECT_CONVERSION = YES_AGGRESSIVE;
				CLANG_CXX_LANGUAGE_STANDARD = "gnu++20";
				CLANG_ENABLE_MODULES = YES;
				CLANG_ENABLE_OBJC_ARC = YES;
				CLANG_ENABLE_OBJC_WEAK = YES;
				CLANG_WARN_BLOCK_CAPTURE_AUTORELEASING = YES;
				CLANG_WARN_BOOL_CONVERSION = YES;
				CLANG_WARN_COMMA = YES;
				CLANG_WARN_CONSTANT_CONVERSION = YES;
				CLANG_WARN_DEPRECATED_OBJC_IMPLEMENTATIONS = YES;
				CLANG_WARN_DIRECT_OBJC_ISA_USAGE = YES_ERROR;
				CLANG_WARN_DOCUMENTATION_COMMENTS = YES;
				CLANG_WARN_EMPTY_BODY = YES;
				CLANG_WARN_ENUM_CONVERSION = YES;
				CLANG_WARN_INFINITE_RECURSION = YES;
				CLANG_WARN_INT_CONVERSION = YES;
				CLANG_WARN_NON_LITERAL_NULL_CONVERSION = YES;
				CLANG_WARN_OBJC_IMPLICIT_RETAIN_SELF = YES;
				CLANG_WARN_OBJC_LITERAL_CONVERSION = YES;
				CLANG_WARN_OBJC_ROOT_CLASS = YES_ERROR;
				CLANG_WARN_QUOTED_INCLUDE_IN_FRAMEWORK_HEADER = YES;
				CLANG_WARN_RANGE_LOOP_ANALYSIS = YES;
				CLANG_WARN_STRICT_PROTOTYPES = YES;
				CLANG_WARN_SUSPICIOUS_MOVE = YES;
				CLANG_WARN_UNGUARDED_AVAILABILITY = YES_AGGRESSIVE;
				CLANG_WARN_UNREACHABLE_CODE = YES;
				CLANG_WARN__DUPLICATE_METHOD_MATCH = YES;
				COPY_PHASE_STRIP = NO;
				DEBUG_INFORMATION_FORMAT = dwarf;
				ENABLE_STRICT_OBJC_MSGSEND = YES;
				ENABLE_TESTABILITY = YES;
				ENABLE_USER_SCRIPT_SANDBOXING = YES;
				GCC_C_LANGUAGE_STANDARD = gnu17;
				GCC_DYNAMIC_NO_PIC = NO;
				GCC_NO_COMMON_BLOCKS = YES;
				GCC_OPTIMIZATION_LEVEL = 0;
				GCC_PREPROCESSOR_DEFINITIONS = (
					"DEBUG=1",
					"$(inherited)",
				);
				GCC_WARN_64_TO_32_BIT_CONVERSION = YES;
				GCC_WARN_ABOUT_RETURN_TYPE = YES_ERROR;
				GCC_WARN_UNDECLARED_SELECTOR = YES;
				GCC_WARN_UNINITIALIZED_AUTOS = YES_AGGRESSIVE;
				GCC_WARN_UNUSED_FUNCTION = YES;
				GCC_WARN_UNUSED_VARIABLE = YES;
				IPHONEOS_DEPLOYMENT_TARGET = 18.0;
				LOCALIZATION_PREFERS_STRING_CATALOGS = YES;
				MTL_ENABLE_DEBUG_INFO = INCLUDE_SOURCE;
				MTL_FAST_MATH = YES;
				ONLY_ACTIVE_ARCH = YES;
				SDKROOT = iphoneos;
				SWIFT_ACTIVE_COMPILATION_CONDITIONS = "DEBUG $(inherited)";
				SWIFT_OPTIMIZATION_LEVEL = "-Onone";
			};
			name = Debug;
		};
		E248C2222F4F15E400385351 /* Release */ = {
			isa = XCBuildConfiguration;
			buildSettings = {
				ALWAYS_SEARCH_USER_PATHS = NO;
				ASSETCATALOG_COMPILER_GENERATE_SWIFT_ASSET_SYMBOL_EXTENSIONS = YES;
				CLANG_ANALYZER_NONNULL = YES;
				CLANG_ANALYZER_NUMBER_OBJECT_CONVERSION = YES_AGGRESSIVE;
				CLANG_CXX_LANGUAGE_STANDARD = "gnu++20";
				CLANG_ENABLE_MODULES = YES;
				CLANG_ENABLE_OBJC_ARC = YES;
				CLANG_ENABLE_OBJC_WEAK = YES;
				CLANG_WARN_BLOCK_CAPTURE_AUTORELEASING = YES;
				CLANG_WARN_BOOL_CONVERSION = YES;
				CLANG_WARN_COMMA = YES;
				CLANG_WARN_CONSTANT_CONVERSION = YES;
				CLANG_WARN_DEPRECATED_OBJC_IMPLEMENTATIONS = YES;
				CLANG_WARN_DIRECT_OBJC_ISA_USAGE = YES_ERROR;
				CLANG_WARN_DOCUMENTATION_COMMENTS = YES;
				CLANG_WARN_EMPTY_BODY = YES;
				CLANG_WARN_ENUM_CONVERSION = YES;
				CLANG_WARN_INFINITE_RECURSION = YES;
				CLANG_WARN_INT_CONVERSION = YES;
				CLANG_WARN_NON_LITERAL_NULL_CONVERSION = YES;
				CLANG_WARN_OBJC_IMPLICIT_RETAIN_SELF = YES;
				CLANG_WARN_OBJC_LITERAL_CONVERSION = YES;
				CLANG_WARN_OBJC_ROOT_CLASS = YES_ERROR;
				CLANG_WARN_QUOTED_INCLUDE_IN_FRAMEWORK_HEADER = YES;
				CLANG_WARN_RANGE_LOOP_ANALYSIS = YES;
				CLANG_WARN_STRICT_PROTOTYPES = YES;
				CLANG_WARN_SUSPICIOUS_MOVE = YES;
				CLANG_WARN_UNGUARDED_AVAILABILITY = YES_AGGRESSIVE;
				CLANG_WARN_UNREACHABLE_CODE = YES;
				CLANG_WARN__DUPLICATE_METHOD_MATCH = YES;
				COPY_PHASE_STRIP = NO;
				DEBUG_INFORMATION_FORMAT = "dwarf-with-dsym";
				ENABLE_NS_ASSERTIONS = NO;
				ENABLE_STRICT_OBJC_MSGSEND = YES;
				ENABLE_USER_SCRIPT_SANDBOXING = YES;
				GCC_C_LANGUAGE_STANDARD = gnu17;
				GCC_NO_COMMON_BLOCKS = YES;
				GCC_WARN_64_TO_32_BIT_CONVERSION = YES;
				GCC_WARN_ABOUT_RETURN_TYPE = YES_ERROR;
				GCC_WARN_UNDECLARED_SELECTOR = YES;
				GCC_WARN_UNINITIALIZED_AUTOS = YES_AGGRESSIVE;
				GCC_WARN_UNUSED_FUNCTION = YES;
				GCC_WARN_UNUSED_VARIABLE = YES;
				IPHONEOS_DEPLOYMENT_TARGET = 18.0;
				LOCALIZATION_PREFERS_STRING_CATALOGS = YES;
				MTL_ENABLE_DEBUG_INFO = NO;
				MTL_FAST_MATH = YES;
				SDKROOT = iphoneos;
				SWIFT_COMPILATION_MODE = wholemodule;
				VALIDATE_PRODUCT = YES;
			};
			name = Release;
		};
		E248C2242F4F15E400385351 /* Debug */ = {
			isa = XCBuildConfiguration;
			buildSettings = {
				ASSETCATALOG_COMPILER_APPICON_NAME = AppIcon;
				ASSETCATALOG_COMPILER_GLOBAL_ACCENT_COLOR_NAME = AccentColor;
				CODE_SIGN_STYLE = Automatic;
				CURRENT_PROJECT_VERSION = 1;
				DEVELOPMENT_TEAM = CY7Q757DQN;
				ENABLE_PREVIEWS = YES;
				GENERATE_INFOPLIST_FILE = YES;
				INFOPLIST_KEY_UIApplicationSceneManifest_Generation = YES;
				INFOPLIST_KEY_UIApplicationSupportsIndirectInputEvents = YES;
				INFOPLIST_KEY_UILaunchScreen_Generation = YES;
				INFOPLIST_KEY_UISupportedInterfaceOrientations_iPad = "UIInterfaceOrientationPortrait UIInterfaceOrientationPortraitUpsideDown UIInterfaceOrientationLandscapeLeft UIInterfaceOrientationLandscapeRight";
				INFOPLIST_KEY_UISupportedInterfaceOrientations_iPhone = "UIInterfaceOrientationPortrait UIInterfaceOrientationLandscapeLeft UIInterfaceOrientationLandscapeRight";
				LD_RUNPATH_SEARCH_PATHS = (
					"$(inherited)",
					"@executable_path/Frameworks",
				);
				MARKETING_VERSION = 1.0;
				PRODUCT_BUNDLE_IDENTIFIER = "haeimch.chihlee-student-toolbox";
				PRODUCT_NAME = "$(TARGET_NAME)";
				SWIFT_EMIT_LOC_STRINGS = YES;
				SWIFT_VERSION = 5.0;
				TARGETED_DEVICE_FAMILY = "1,2";
			};
			name = Debug;
		};
		E248C2252F4F15E400385351 /* Release */ = {
			isa = XCBuildConfiguration;
			buildSettings = {
				ASSETCATALOG_COMPILER_APPICON_NAME = AppIcon;
				ASSETCATALOG_COMPILER_GLOBAL_ACCENT_COLOR_NAME = AccentColor;
				CODE_SIGN_STYLE = Automatic;
				CURRENT_PROJECT_VERSION = 1;
				DEVELOPMENT_TEAM = CY7Q757DQN;
				ENABLE_PREVIEWS = YES;
				GENERATE_INFOPLIST_FILE = YES;
				INFOPLIST_KEY_UIApplicationSceneManifest_Generation = YES;
				INFOPLIST_KEY_UIApplicationSupportsIndirectInputEvents = YES;
				INFOPLIST_KEY_UILaunchScreen_Generation = YES;
				INFOPLIST_KEY_UISupportedInterfaceOrientations_iPad = "UIInterfaceOrientationPortrait UIInterfaceOrientationPortraitUpsideDown UIInterfaceOrientationLandscapeLeft UIInterfaceOrientationLandscapeRight";
				INFOPLIST_KEY_UISupportedInterfaceOrientations_iPhone = "UIInterfaceOrientationPortrait UIInterfaceOrientationLandscapeLeft UIInterfaceOrientationLandscapeRight";
				LD_RUNPATH_SEARCH_PATHS = (
					"$(inherited)",
					"@executable_path/Frameworks",
				);
				MARKETING_VERSION = 1.0;
				PRODUCT_BUNDLE_IDENTIFIER = "haeimch.chihlee-student-toolbox";
				PRODUCT_NAME = "$(TARGET_NAME)";
				SWIFT_EMIT_LOC_STRINGS = YES;
				SWIFT_VERSION = 5.0;
				TARGETED_DEVICE_FAMILY = "1,2";
			};
			name = Release;
		};
		E248C2272F4F15E400385351 /* Debug */ = {
			isa = XCBuildConfiguration;
			buildSettings = {
				BUNDLE_LOADER = "$(TEST_HOST)";
				CODE_SIGN_STYLE = Automatic;
				CURRENT_PROJECT_VERSION = 1;
				GENERATE_INFOPLIST_FILE = YES;
				IPHONEOS_DEPLOYMENT_TARGET = 18.5;
				MARKETING_VERSION = 1.0;
				PRODUCT_BUNDLE_IDENTIFIER = "haeimch.chihlee-student-toolboxTests";
				PRODUCT_NAME = "$(TARGET_NAME)";
				SWIFT_EMIT_LOC_STRINGS = NO;
				SWIFT_VERSION = 5.0;
				TARGETED_DEVICE_FAMILY = "1,2";
				TEST_HOST = "$(BUILT_PRODUCTS_DIR)/chihlee-student-toolbox.app/$(BUNDLE_EXECUTABLE_FOLDER_PATH)/chihlee-student-toolbox";
			};
			name = Debug;
		};
		E248C2282F4F15E400385351 /* Release */ = {
			isa = XCBuildConfiguration;
			buildSettings = {
				BUNDLE_LOADER = "$(TEST_HOST)";
				CODE_SIGN_STYLE = Automatic;
				CURRENT_PROJECT_VERSION = 1;
				GENERATE_INFOPLIST_FILE = YES;
				IPHONEOS_DEPLOYMENT_TARGET = 18.5;
				MARKETING_VERSION = 1.0;
				PRODUCT_BUNDLE_IDENTIFIER = "haeimch.chihlee-student-toolboxTests";
				PRODUCT_NAME = "$(TARGET_NAME)";
				SWIFT_EMIT_LOC_STRINGS = NO;
				SWIFT_VERSION = 5.0;
				TARGETED_DEVICE_FAMILY = "1,2";
				TEST_HOST = "$(BUILT_PRODUCTS_DIR)/chihlee-student-toolbox.app/$(BUNDLE_EXECUTABLE_FOLDER_PATH)/chihlee-student-toolbox";
			};
			name = Release;
		};
		E248C22A2F4F15E400385351 /* Debug */ = {
			isa = XCBuildConfiguration;
			buildSettings = {
				CODE_SIGN_STYLE = Automatic;
				CURRENT_PROJECT_VERSION = 1;
				GENERATE_INFOPLIST_FILE = YES;
				MARKETING_VERSION = 1.0;
				PRODUCT_BUNDLE_IDENTIFIER = "haeimch.chihlee-student-toolboxUITests";
				PRODUCT_NAME = "$(TARGET_NAME)";
				SWIFT_EMIT_LOC_STRINGS = NO;
				SWIFT_VERSION = 5.0;
				TARGETED_DEVICE_FAMILY = "1,2";
				TEST_TARGET_NAME = "chihlee-student-toolbox";
			};
			name = Debug;
		};
		E248C22B2F4F15E400385351 /* Release */ = {
			isa = XCBuildConfiguration;
			buildSettings = {
				CODE_SIGN_STYLE = Automatic;
				CURRENT_PROJECT_VERSION = 1;
				GENERATE_INFOPLIST_FILE = YES;
				MARKETING_VERSION = 1.0;
				PRODUCT_BUNDLE_IDENTIFIER = "haeimch.chihlee-student-toolboxUITests";
				PRODUCT_NAME = "$(TARGET_NAME)";
				SWIFT_EMIT_LOC_STRINGS = NO;
				SWIFT_VERSION = 5.0;
				TARGETED_DEVICE_FAMILY = "1,2";
				TEST_TARGET_NAME = "chihlee-student-toolbox";
			};
			name = Release;
		};
/* End XCBuildConfiguration section */

/* Begin XCConfigurationList section */
		E248C1FB2F4F15E200385351 /* Build configuration list for PBXProject "chihlee-student-toolbox" */ = {
			isa = XCConfigurationList;
			buildConfigurations = (
				E248C2212F4F15E400385351 /* Debug */,
				E248C2222F4F15E400385351 /* Release */,
			);
			defaultConfigurationIsVisible = 0;
			defaultConfigurationName = Release;
		};
		E248C2232F4F15E400385351 /* Build configuration list for PBXNativeTarget "chihlee-student-toolbox" */ = {
			isa = XCConfigurationList;
			buildConfigurations = (
				E248C2242F4F15E400385351 /* Debug */,
				E248C2252F4F15E400385351 /* Release */,
			);
			defaultConfigurationIsVisible = 0;
			defaultConfigurationName = Release;
		};
		E248C2262F4F15E400385351 /* Build configuration list for PBXNativeTarget "chihlee-student-toolboxTests" */ = {
			isa = XCConfigurationList;
			buildConfigurations = (
				E248C2272F4F15E400385351 /* Debug */,
				E248C2282F4F15E400385351 /* Release */,
			);
			defaultConfigurationIsVisible = 0;
			defaultConfigurationName = Release;
		};
		E248C2292F4F15E400385351 /* Build configuration list for PBXNativeTarget "chihlee-student-toolboxUITests" */ = {
			isa = XCConfigurationList;
			buildConfigurations = (
				E248C22A2F4F15E400385351 /* Debug */,
				E248C22B2F4F15E400385351 /* Release */,
			);
			defaultConfigurationIsVisible = 0;
			defaultConfigurationName = Release;
		};
/* End XCConfigurationList section */
	};
	rootObject = E248C1F82F4F15E200385351 /* Project object */;
}
